
Microsoft Visual Studio Solution File, Format Version 12.00
Project("{FAE04EC0-301F-11D3-BF4B-00C04F79EFBC}") = "OrderImportQuiz", "OrderImportQuiz\OrderImportQuiz.csproj", "{7A5D3A3B-E495-4A05-90EC-DE6C34C5EFF3}"
EndProject
Global
	GlobalSection(SolutionConfigurationPlatforms) = preSolution
		Debug|Any CPU = Debug|Any CPU
		Release|Any CPU = Release|Any CPU
	EndGlobalSection
	GlobalSection(ProjectConfigurationPlatforms) = postSolution
		{7A5D3A3B-E495-4A05-90EC-DE6C34C5EFF3}.Debug|Any CPU.ActiveCfg = Debug|Any CPU
		{7A5D3A3B-E495-4A05-90EC-DE6C34C5EFF3}.Debug|Any CPU.Build.0 = Debug|Any CPU
		{7A5D3A3B-E495-4A05-90EC-DE6C34C5EFF3}.Release|Any CPU.ActiveCfg = Release|Any CPU
		{7A5D3A3B-E495-4A05-90EC-DE6C34C5EFF3}.Release|Any CPU.Build.0 = Release|Any CPU
	EndGlobalSection
EndGlobal
